
Microsoft Visual Studio Solution File, Format Version 12.00
# Visual Studio Version 17
VisualStudioVersion = 17.11.35327.3
MinimumVisualStudioVersion = 10.0.40219.1
Project("{FAE04EC0-301F-11D3-BF4B-00C04F79EFBC}") = "practicum25", "practicum25.csproj", "{D643ED89-DAA2-404C-8803-FD0153447CB9}"
EndProject
Global
	GlobalSection(SolutionConfigurationPlatforms) = preSolution
		Debug|Any CPU = Debug|Any CPU
		Release|Any CPU = Release|Any CPU
	EndGlobalSection
	GlobalSection(ProjectConfigurationPlatforms) = postSolution
		{D643ED89-DAA2-404C-8803-FD0153447CB9}.Debug|Any CPU.ActiveCfg = Debug|Any CPU
		{D643ED89-DAA2-404C-8803-FD0153447CB9}.Debug|Any CPU.Build.0 = Debug|Any CPU
		{D643ED89-DAA2-404C-8803-FD0153447CB9}.Release|Any CPU.ActiveCfg = Release|Any CPU
		{D643ED89-DAA2-404C-8803-FD0153447CB9}.Release|Any CPU.Build.0 = Release|Any CPU
	EndGlobalSection
	GlobalSection(SolutionProperties) = preSolution
		HideSolutionNode = FALSE
	EndGlobalSection
	GlobalSection(ExtensibilityGlobals) = postSolution
		SolutionGuid = {23BD2781-FC90-440A-AF44-CAD48DBD7868}
	EndGlobalSection
EndGlobal
